
Microsoft Visual Studio Solution File, Format Version 12.00
# Visual Studio Version 16
VisualStudioVersion = 16.0.30011.22
MinimumVisualStudioVersion = 10.0.40219.1
Project("{FAE04EC0-301F-11D3-BF4B-00C04F79EFBC}") = "LinqApp", "LinqApp.csproj", "{A6242034-B030-452B-B000-765CD5873FCB}"
EndProject
Global
	GlobalSection(SolutionConfigurationPlatforms) = preSolution
		Debug|Any CPU = Debug|Any CPU
		Release|Any CPU = Release|Any CPU
	EndGlobalSection
	GlobalSection(ProjectConfigurationPlatforms) = postSolution
		{A6242034-B030-452B-B000-765CD5873FCB}.Debug|Any CPU.ActiveCfg = Debug|Any CPU
		{A6242034-B030-452B-B000-765CD5873FCB}.Debug|Any CPU.Build.0 = Debug|Any CPU
		{A6242034-B030-452B-B000-765CD5873FCB}.Release|Any CPU.ActiveCfg = Release|Any CPU
		{A6242034-B030-452B-B000-765CD5873FCB}.Release|Any CPU.Build.0 = Release|Any CPU
	EndGlobalSection
	GlobalSection(SolutionProperties) = preSolution
		HideSolutionNode = FALSE
	EndGlobalSection
	GlobalSection(ExtensibilityGlobals) = postSolution
		SolutionGuid = {32F55EB6-34F3-4723-AAEA-319C07A8984C}
	EndGlobalSection
EndGlobal
